PODS:
  - AplhaVantageSwift (0.1.1)

DEPENDENCIES:
  - AplhaVantageSwift (from `../`)

EXTERNAL SOURCES:
  AplhaVantageSwift:
    :path: "../"

SPEC CHECKSUMS:
  AplhaVantageSwift: 94380523b94d4b101ef277d33e6bdca41fd9524a

PODFILE CHECKSUM: 3efa8759463b720208882ed1a14d97f42a572534

COCOAPODS: 1.5.3
