PODS:
  - AlphaVantageSwift (0.1.1)

DEPENDENCIES:
  - AlphaVantageSwift (from `../`)

EXTERNAL SOURCES:
  AlphaVantageSwift:
    :path: "../"

SPEC CHECKSUMS:
  AlphaVantageSwift: 9ae6ef1ca2b9b13c7b89fda6e9fd96767e654053

PODFILE CHECKSUM: 3df3ab062c908d823a2cc2c26f47c4482bd7c706

COCOAPODS: 1.5.3
