PODS:
  - AplhaVantageSwift (0.1.0)

DEPENDENCIES:
  - AplhaVantageSwift (from `../`)

EXTERNAL SOURCES:
  AplhaVantageSwift:
    :path: "../"

SPEC CHECKSUMS:
  AplhaVantageSwift: 3f7c67563105a9a4d5a3e4cc0a55e34cf2bb1bfc

PODFILE CHECKSUM: bb4a200566cbdb91cdd247b778eca6b92abdd824

COCOAPODS: 1.5.3
